
Microsoft Visual Studio Solution File, Format Version 12.00
# Visual Studio 14
VisualStudioVersion = 14.0.23107.0
MinimumVisualStudioVersion = 10.0.40219.1
Project("{FAE04EC0-301F-11D3-BF4B-00C04F79EFBC}") = "Kairos.SampleApp", "Kairos.SampleApp\Kairos.SampleApp.csproj", "{306F1C9A-05D3-4D15-9EA8-184231CE33BC}"
EndProject
Project("{FAE04EC0-301F-11D3-BF4B-00C04F79EFBC}") = "KaiorsApi", "KaiorsApi\KaiorsApi.csproj", "{EE062FB4-2C25-47B4-9B15-724E8A096BD3}"
EndProject
Global
	GlobalSection(SolutionConfigurationPlatforms) = preSolution
		Debug|Any CPU = Debug|Any CPU
		Release|Any CPU = Release|Any CPU
	EndGlobalSection
	GlobalSection(ProjectConfigurationPlatforms) = postSolution
		{306F1C9A-05D3-4D15-9EA8-184231CE33BC}.Debug|Any CPU.ActiveCfg = Debug|Any CPU
		{306F1C9A-05D3-4D15-9EA8-184231CE33BC}.Debug|Any CPU.Build.0 = Debug|Any CPU
		{306F1C9A-05D3-4D15-9EA8-184231CE33BC}.Release|Any CPU.ActiveCfg = Release|Any CPU
		{306F1C9A-05D3-4D15-9EA8-184231CE33BC}.Release|Any CPU.Build.0 = Release|Any CPU
		{EE062FB4-2C25-47B4-9B15-724E8A096BD3}.Debug|Any CPU.ActiveCfg = Debug|Any CPU
		{EE062FB4-2C25-47B4-9B15-724E8A096BD3}.Debug|Any CPU.Build.0 = Debug|Any CPU
		{EE062FB4-2C25-47B4-9B15-724E8A096BD3}.Release|Any CPU.ActiveCfg = Release|Any CPU
		{EE062FB4-2C25-47B4-9B15-724E8A096BD3}.Release|Any CPU.Build.0 = Release|Any CPU
	EndGlobalSection
	GlobalSection(SolutionProperties) = preSolution
		HideSolutionNode = FALSE
	EndGlobalSection
EndGlobal
